
Microsoft Visual Studio Solution File, Format Version 12.00
Project("{FAE04EC0-301F-11D3-BF4B-00C04F79EFBC}") = "GamemodeManager", "GamemodeManager\GamemodeManager.csproj", "{ADB8BE99-90F3-45FE-AB20-9F6B45A8E463}"
EndProject
Project("{FAE04EC0-301F-11D3-BF4B-00C04F79EFBC}") = "Bloodbath", "Bloodbath\Bloodbath.csproj", "{D4450985-E78F-4F31-9FE7-298FFE42AEBA}"
EndProject
Project("{FAE04EC0-301F-11D3-BF4B-00C04F79EFBC}") = "Outbreak", "Outbreak\Outbreak.csproj", "{BB29E0CC-3901-4A93-A3CF-0083B01E00B4}"
EndProject
Project("{FAE04EC0-301F-11D3-BF4B-00C04F79EFBC}") = "Juggernaut", "Juggernaut\Juggernaut.csproj", "{439EB13E-AA2B-4A0D-84CA-90EB590A6185}"
EndProject
Project("{FAE04EC0-301F-11D3-BF4B-00C04F79EFBC}") = "HideNSeek", "HideNSeek\HideNSeek.csproj", "{70F5D081-61B1-414C-9666-C8A4C87F2008}"
EndProject
Global
	GlobalSection(SolutionConfigurationPlatforms) = preSolution
		Debug|Any CPU = Debug|Any CPU
		Release|Any CPU = Release|Any CPU
	EndGlobalSection
	GlobalSection(ProjectConfigurationPlatforms) = postSolution
		{ADB8BE99-90F3-45FE-AB20-9F6B45A8E463}.Debug|Any CPU.ActiveCfg = Debug|Any CPU
		{ADB8BE99-90F3-45FE-AB20-9F6B45A8E463}.Debug|Any CPU.Build.0 = Debug|Any CPU
		{ADB8BE99-90F3-45FE-AB20-9F6B45A8E463}.Release|Any CPU.ActiveCfg = Release|Any CPU
		{ADB8BE99-90F3-45FE-AB20-9F6B45A8E463}.Release|Any CPU.Build.0 = Release|Any CPU
		{D4450985-E78F-4F31-9FE7-298FFE42AEBA}.Debug|Any CPU.ActiveCfg = Debug|Any CPU
		{D4450985-E78F-4F31-9FE7-298FFE42AEBA}.Debug|Any CPU.Build.0 = Debug|Any CPU
		{D4450985-E78F-4F31-9FE7-298FFE42AEBA}.Release|Any CPU.ActiveCfg = Release|Any CPU
		{D4450985-E78F-4F31-9FE7-298FFE42AEBA}.Release|Any CPU.Build.0 = Release|Any CPU
		{BB29E0CC-3901-4A93-A3CF-0083B01E00B4}.Debug|Any CPU.ActiveCfg = Debug|Any CPU
		{BB29E0CC-3901-4A93-A3CF-0083B01E00B4}.Debug|Any CPU.Build.0 = Debug|Any CPU
		{BB29E0CC-3901-4A93-A3CF-0083B01E00B4}.Release|Any CPU.ActiveCfg = Release|Any CPU
		{BB29E0CC-3901-4A93-A3CF-0083B01E00B4}.Release|Any CPU.Build.0 = Release|Any CPU
		{439EB13E-AA2B-4A0D-84CA-90EB590A6185}.Debug|Any CPU.ActiveCfg = Debug|Any CPU
		{439EB13E-AA2B-4A0D-84CA-90EB590A6185}.Debug|Any CPU.Build.0 = Debug|Any CPU
		{439EB13E-AA2B-4A0D-84CA-90EB590A6185}.Release|Any CPU.ActiveCfg = Release|Any CPU
		{439EB13E-AA2B-4A0D-84CA-90EB590A6185}.Release|Any CPU.Build.0 = Release|Any CPU
		{70F5D081-61B1-414C-9666-C8A4C87F2008}.Debug|Any CPU.ActiveCfg = Debug|Any CPU
		{70F5D081-61B1-414C-9666-C8A4C87F2008}.Debug|Any CPU.Build.0 = Debug|Any CPU
		{70F5D081-61B1-414C-9666-C8A4C87F2008}.Release|Any CPU.ActiveCfg = Release|Any CPU
		{70F5D081-61B1-414C-9666-C8A4C87F2008}.Release|Any CPU.Build.0 = Release|Any CPU
	EndGlobalSection
EndGlobal
