
Microsoft Visual Studio Solution File, Format Version 12.00
# Visual Studio Version 16
VisualStudioVersion = 16.0.30611.23
MinimumVisualStudioVersion = 10.0.40219.1
Project("{FAE04EC0-301F-11D3-BF4B-00C04F79EFBC}") = "GamemodeManager", "GamemodeManager\GamemodeManager.csproj", "{ADB8BE99-90F3-45FE-AB20-9F6B45A8E463}"
EndProject
Project("{FAE04EC0-301F-11D3-BF4B-00C04F79EFBC}") = "Bloodbath", "Bloodbath\Bloodbath.csproj", "{D4450985-E78F-4F31-9FE7-298FFE42AEBA}"
EndProject
Project("{FAE04EC0-301F-11D3-BF4B-00C04F79EFBC}") = "Outbreak", "Outbreak\Outbreak.csproj", "{BB29E0CC-3901-4A93-A3CF-0083B01E00B4}"
EndProject
Project("{FAE04EC0-301F-11D3-BF4B-00C04F79EFBC}") = "Juggernaut", "Juggernaut\Juggernaut.csproj", "{439EB13E-AA2B-4A0D-84CA-90EB590A6185}"
EndProject
Project("{FAE04EC0-301F-11D3-BF4B-00C04F79EFBC}") = "HideNSeek", "HideNSeek\HideNSeek.csproj", "{70F5D081-61B1-414C-9666-C8A4C87F2008}"
EndProject
Project("{FAE04EC0-301F-11D3-BF4B-00C04F79EFBC}") = "PeanutRun", "PeanutRun\PeanutRun.csproj", "{2DD04313-553B-44C7-8106-C48F7B16539F}"
EndProject
Project("{FAE04EC0-301F-11D3-BF4B-00C04F79EFBC}") = "PeanutInfection", "PeanutInfection\PeanutInfection.csproj", "{E5835FDD-B6A4-43E9-A73D-56251C78200E}"
EndProject
Project("{FAE04EC0-301F-11D3-BF4B-00C04F79EFBC}") = "DodgeBall", "DodgeBall\DodgeBall.csproj", "{CE9E3BD1-D651-4FBC-A2DE-A082EF96C73F}"
EndProject
Project("{FAE04EC0-301F-11D3-BF4B-00C04F79EFBC}") = "TeamDeathmatch", "TeamDeathmatch\TeamDeathmatch.csproj", "{05D33268-E0C1-4A1F-83FC-C036201EB2C3}"
EndProject
Project("{FAE04EC0-301F-11D3-BF4B-00C04F79EFBC}") = "ShyInfection", "ShyInfection\ShyInfection.csproj", "{3A0270B1-C4C4-45C2-A44B-FDC103C50A7D}"
EndProject
Project("{FAE04EC0-301F-11D3-BF4B-00C04F79EFBC}") = "Gungame", "Gungame\Gungame.csproj", "{214F8C6C-4D0E-4D74-926B-3EABAEBA39CD}"
EndProject
Project("{FAE04EC0-301F-11D3-BF4B-00C04F79EFBC}") = "VIP", "VIP\VIP.csproj", "{4AA08845-3C1A-4E51-B7A1-5724A693FB1C}"
EndProject
Project("{FAE04EC0-301F-11D3-BF4B-00C04F79EFBC}") = "Blackout", "Blackout\Blackout.csproj", "{CC704336-F779-47B6-A645-CA13A2B7FDF5}"
EndProject
Global
	GlobalSection(SolutionConfigurationPlatforms) = preSolution
		Debug|Any CPU = Debug|Any CPU
		Release|Any CPU = Release|Any CPU
	EndGlobalSection
	GlobalSection(ProjectConfigurationPlatforms) = postSolution
		{ADB8BE99-90F3-45FE-AB20-9F6B45A8E463}.Debug|Any CPU.ActiveCfg = Debug|Any CPU
		{ADB8BE99-90F3-45FE-AB20-9F6B45A8E463}.Debug|Any CPU.Build.0 = Debug|Any CPU
		{ADB8BE99-90F3-45FE-AB20-9F6B45A8E463}.Release|Any CPU.ActiveCfg = Release|Any CPU
		{ADB8BE99-90F3-45FE-AB20-9F6B45A8E463}.Release|Any CPU.Build.0 = Release|Any CPU
		{D4450985-E78F-4F31-9FE7-298FFE42AEBA}.Debug|Any CPU.ActiveCfg = Debug|Any CPU
		{D4450985-E78F-4F31-9FE7-298FFE42AEBA}.Debug|Any CPU.Build.0 = Debug|Any CPU
		{D4450985-E78F-4F31-9FE7-298FFE42AEBA}.Release|Any CPU.ActiveCfg = Release|Any CPU
		{D4450985-E78F-4F31-9FE7-298FFE42AEBA}.Release|Any CPU.Build.0 = Release|Any CPU
		{BB29E0CC-3901-4A93-A3CF-0083B01E00B4}.Debug|Any CPU.ActiveCfg = Debug|Any CPU
		{BB29E0CC-3901-4A93-A3CF-0083B01E00B4}.Debug|Any CPU.Build.0 = Debug|Any CPU
		{BB29E0CC-3901-4A93-A3CF-0083B01E00B4}.Release|Any CPU.ActiveCfg = Release|Any CPU
		{BB29E0CC-3901-4A93-A3CF-0083B01E00B4}.Release|Any CPU.Build.0 = Release|Any CPU
		{439EB13E-AA2B-4A0D-84CA-90EB590A6185}.Debug|Any CPU.ActiveCfg = Debug|Any CPU
		{439EB13E-AA2B-4A0D-84CA-90EB590A6185}.Debug|Any CPU.Build.0 = Debug|Any CPU
		{439EB13E-AA2B-4A0D-84CA-90EB590A6185}.Release|Any CPU.ActiveCfg = Release|Any CPU
		{439EB13E-AA2B-4A0D-84CA-90EB590A6185}.Release|Any CPU.Build.0 = Release|Any CPU
		{70F5D081-61B1-414C-9666-C8A4C87F2008}.Debug|Any CPU.ActiveCfg = Debug|Any CPU
		{70F5D081-61B1-414C-9666-C8A4C87F2008}.Debug|Any CPU.Build.0 = Debug|Any CPU
		{70F5D081-61B1-414C-9666-C8A4C87F2008}.Release|Any CPU.ActiveCfg = Release|Any CPU
		{70F5D081-61B1-414C-9666-C8A4C87F2008}.Release|Any CPU.Build.0 = Release|Any CPU
		{2DD04313-553B-44C7-8106-C48F7B16539F}.Debug|Any CPU.ActiveCfg = Debug|Any CPU
		{2DD04313-553B-44C7-8106-C48F7B16539F}.Debug|Any CPU.Build.0 = Debug|Any CPU
		{2DD04313-553B-44C7-8106-C48F7B16539F}.Release|Any CPU.ActiveCfg = Release|Any CPU
		{2DD04313-553B-44C7-8106-C48F7B16539F}.Release|Any CPU.Build.0 = Release|Any CPU
		{E5835FDD-B6A4-43E9-A73D-56251C78200E}.Debug|Any CPU.ActiveCfg = Debug|Any CPU
		{E5835FDD-B6A4-43E9-A73D-56251C78200E}.Debug|Any CPU.Build.0 = Debug|Any CPU
		{E5835FDD-B6A4-43E9-A73D-56251C78200E}.Release|Any CPU.ActiveCfg = Release|Any CPU
		{E5835FDD-B6A4-43E9-A73D-56251C78200E}.Release|Any CPU.Build.0 = Release|Any CPU
		{CE9E3BD1-D651-4FBC-A2DE-A082EF96C73F}.Debug|Any CPU.ActiveCfg = Debug|Any CPU
		{CE9E3BD1-D651-4FBC-A2DE-A082EF96C73F}.Debug|Any CPU.Build.0 = Debug|Any CPU
		{CE9E3BD1-D651-4FBC-A2DE-A082EF96C73F}.Release|Any CPU.ActiveCfg = Release|Any CPU
		{CE9E3BD1-D651-4FBC-A2DE-A082EF96C73F}.Release|Any CPU.Build.0 = Release|Any CPU
		{05D33268-E0C1-4A1F-83FC-C036201EB2C3}.Debug|Any CPU.ActiveCfg = Debug|Any CPU
		{05D33268-E0C1-4A1F-83FC-C036201EB2C3}.Debug|Any CPU.Build.0 = Debug|Any CPU
		{05D33268-E0C1-4A1F-83FC-C036201EB2C3}.Release|Any CPU.ActiveCfg = Release|Any CPU
		{05D33268-E0C1-4A1F-83FC-C036201EB2C3}.Release|Any CPU.Build.0 = Release|Any CPU
		{3A0270B1-C4C4-45C2-A44B-FDC103C50A7D}.Debug|Any CPU.ActiveCfg = Debug|Any CPU
		{3A0270B1-C4C4-45C2-A44B-FDC103C50A7D}.Release|Any CPU.ActiveCfg = Release|Any CPU
		{3A0270B1-C4C4-45C2-A44B-FDC103C50A7D}.Release|Any CPU.Build.0 = Release|Any CPU
		{214F8C6C-4D0E-4D74-926B-3EABAEBA39CD}.Debug|Any CPU.ActiveCfg = Debug|Any CPU
		{214F8C6C-4D0E-4D74-926B-3EABAEBA39CD}.Debug|Any CPU.Build.0 = Debug|Any CPU
		{214F8C6C-4D0E-4D74-926B-3EABAEBA39CD}.Release|Any CPU.ActiveCfg = Release|Any CPU
		{214F8C6C-4D0E-4D74-926B-3EABAEBA39CD}.Release|Any CPU.Build.0 = Release|Any CPU
		{4AA08845-3C1A-4E51-B7A1-5724A693FB1C}.Debug|Any CPU.ActiveCfg = Debug|Any CPU
		{4AA08845-3C1A-4E51-B7A1-5724A693FB1C}.Debug|Any CPU.Build.0 = Debug|Any CPU
		{4AA08845-3C1A-4E51-B7A1-5724A693FB1C}.Release|Any CPU.ActiveCfg = Release|Any CPU
		{4AA08845-3C1A-4E51-B7A1-5724A693FB1C}.Release|Any CPU.Build.0 = Release|Any CPU
		{CC704336-F779-47B6-A645-CA13A2B7FDF5}.Debug|Any CPU.ActiveCfg = Debug|Any CPU
		{CC704336-F779-47B6-A645-CA13A2B7FDF5}.Debug|Any CPU.Build.0 = Debug|Any CPU
		{CC704336-F779-47B6-A645-CA13A2B7FDF5}.Release|Any CPU.ActiveCfg = Release|Any CPU
		{CC704336-F779-47B6-A645-CA13A2B7FDF5}.Release|Any CPU.Build.0 = Release|Any CPU
	EndGlobalSection
	GlobalSection(SolutionProperties) = preSolution
		HideSolutionNode = FALSE
	EndGlobalSection
	GlobalSection(ExtensibilityGlobals) = postSolution
		SolutionGuid = {9F8B8A38-6B44-4D28-98AB-7D22AC659D83}
	EndGlobalSection
EndGlobal
